
Microsoft Visual Studio Solution File, Format Version 12.00
# Visual Studio Version 17
VisualStudioVersion = 17.0.31903.59
MinimumVisualStudioVersion = 10.0.40219.1
Project("{FAE04EC0-301F-11D3-BF4B-00C04F79EFBC}") = "lib", "lib\lib.csproj", "{E8D2C87F-EE1D-4E14-9644-F98921E624E6}"
EndProject
Project("{FAE04EC0-301F-11D3-BF4B-00C04F79EFBC}") = "api", "api\api.csproj", "{DD1A9C95-145C-48FD-8CA3-680877D644FA}"
EndProject
Project("{FAE04EC0-301F-11D3-BF4B-00C04F79EFBC}") = "tests", "tests\tests.csproj", "{CAEC5CC6-7AFA-4B3F-8799-4FB446B02B3A}"
EndProject
Project("{FAE04EC0-301F-11D3-BF4B-00C04F79EFBC}") = "db-migrations", "db-migrations\db-migrations.csproj", "{F407F00A-78E2-41FF-AF59-7D1B2806B0E1}"
EndProject
Project("{FAE04EC0-301F-11D3-BF4B-00C04F79EFBC}") = "auth", "auth\auth.csproj", "{85178437-A067-45A3-A897-A4B97209F4E0}"
EndProject
Project("{FAE04EC0-301F-11D3-BF4B-00C04F79EFBC}") = "mqtt", "mqtt\mqtt.csproj", "{FE6A598F-ECBF-44AC-A15B-C6560F4CF32C}"
EndProject
Global
	GlobalSection(SolutionConfigurationPlatforms) = preSolution
		Debug|Any CPU = Debug|Any CPU
		Release|Any CPU = Release|Any CPU
	EndGlobalSection
	GlobalSection(SolutionProperties) = preSolution
		HideSolutionNode = FALSE
	EndGlobalSection
	GlobalSection(ProjectConfigurationPlatforms) = postSolution
		{E8D2C87F-EE1D-4E14-9644-F98921E624E6}.Debug|Any CPU.ActiveCfg = Debug|Any CPU
		{E8D2C87F-EE1D-4E14-9644-F98921E624E6}.Debug|Any CPU.Build.0 = Debug|Any CPU
		{E8D2C87F-EE1D-4E14-9644-F98921E624E6}.Release|Any CPU.ActiveCfg = Release|Any CPU
		{E8D2C87F-EE1D-4E14-9644-F98921E624E6}.Release|Any CPU.Build.0 = Release|Any CPU
		{DD1A9C95-145C-48FD-8CA3-680877D644FA}.Debug|Any CPU.ActiveCfg = Debug|Any CPU
		{DD1A9C95-145C-48FD-8CA3-680877D644FA}.Debug|Any CPU.Build.0 = Debug|Any CPU
		{DD1A9C95-145C-48FD-8CA3-680877D644FA}.Release|Any CPU.ActiveCfg = Release|Any CPU
		{DD1A9C95-145C-48FD-8CA3-680877D644FA}.Release|Any CPU.Build.0 = Release|Any CPU
		{B62C7C63-0137-48DE-944D-F560EC5C40A0}.Debug|Any CPU.ActiveCfg = Debug|Any CPU
		{B62C7C63-0137-48DE-944D-F560EC5C40A0}.Debug|Any CPU.Build.0 = Debug|Any CPU
		{B62C7C63-0137-48DE-944D-F560EC5C40A0}.Release|Any CPU.ActiveCfg = Release|Any CPU
		{B62C7C63-0137-48DE-944D-F560EC5C40A0}.Release|Any CPU.Build.0 = Release|Any CPU
		{CAEC5CC6-7AFA-4B3F-8799-4FB446B02B3A}.Debug|Any CPU.ActiveCfg = Debug|Any CPU
		{CAEC5CC6-7AFA-4B3F-8799-4FB446B02B3A}.Debug|Any CPU.Build.0 = Debug|Any CPU
		{CAEC5CC6-7AFA-4B3F-8799-4FB446B02B3A}.Release|Any CPU.ActiveCfg = Release|Any CPU
		{CAEC5CC6-7AFA-4B3F-8799-4FB446B02B3A}.Release|Any CPU.Build.0 = Release|Any CPU
		{F407F00A-78E2-41FF-AF59-7D1B2806B0E1}.Debug|Any CPU.ActiveCfg = Debug|Any CPU
		{F407F00A-78E2-41FF-AF59-7D1B2806B0E1}.Debug|Any CPU.Build.0 = Debug|Any CPU
		{F407F00A-78E2-41FF-AF59-7D1B2806B0E1}.Release|Any CPU.ActiveCfg = Release|Any CPU
		{F407F00A-78E2-41FF-AF59-7D1B2806B0E1}.Release|Any CPU.Build.0 = Release|Any CPU
		{22F3652A-2D4B-4CE7-AB7C-52B593524CB4}.Debug|Any CPU.ActiveCfg = Debug|Any CPU
		{22F3652A-2D4B-4CE7-AB7C-52B593524CB4}.Debug|Any CPU.Build.0 = Debug|Any CPU
		{22F3652A-2D4B-4CE7-AB7C-52B593524CB4}.Release|Any CPU.ActiveCfg = Release|Any CPU
		{22F3652A-2D4B-4CE7-AB7C-52B593524CB4}.Release|Any CPU.Build.0 = Release|Any CPU
		{85178437-A067-45A3-A897-A4B97209F4E0}.Debug|Any CPU.ActiveCfg = Debug|Any CPU
		{85178437-A067-45A3-A897-A4B97209F4E0}.Debug|Any CPU.Build.0 = Debug|Any CPU
		{85178437-A067-45A3-A897-A4B97209F4E0}.Release|Any CPU.ActiveCfg = Release|Any CPU
		{85178437-A067-45A3-A897-A4B97209F4E0}.Release|Any CPU.Build.0 = Release|Any CPU
		{FE6A598F-ECBF-44AC-A15B-C6560F4CF32C}.Debug|Any CPU.ActiveCfg = Debug|Any CPU
		{FE6A598F-ECBF-44AC-A15B-C6560F4CF32C}.Debug|Any CPU.Build.0 = Debug|Any CPU
		{FE6A598F-ECBF-44AC-A15B-C6560F4CF32C}.Release|Any CPU.ActiveCfg = Release|Any CPU
		{FE6A598F-ECBF-44AC-A15B-C6560F4CF32C}.Release|Any CPU.Build.0 = Release|Any CPU
	EndGlobalSection
EndGlobal
